# @generated - this file is auto-generated by `mise lock` https://mise.jdx.dev/dev-tools/mise-lock.html

lockfile_version = 2

[[tools."aqua:kyverno/chainsaw"]]
version = "0.2.15"
backend = "aqua:kyverno/chainsaw"
specifiers = ["0.2.15"]

[tools."aqua:kyverno/chainsaw"."platforms.linux-arm64"]
checksum = "sha256:fecf5f3ea74d11da2cd5d95a4c016d5d2543cbc4844ce21adf5e727e7ffd9e44"
url = "https://github.com/kyverno/chainsaw/releases/download/v0.2.15/chainsaw_linux_arm64.tar.gz"
url_api = "https://api.github.com/repos/kyverno/chainsaw/releases/assets/413798806"

[tools."aqua:kyverno/chainsaw"."platforms.linux-arm64".provenance.slsa]
url = "https://github.com/kyverno/chainsaw/releases/download/v0.2.15/multiple.intoto.jsonl"

[tools."aqua:kyverno/chainsaw"."platforms.linux-arm64-musl"]
checksum = "sha256:fecf5f3ea74d11da2cd5d95a4c016d5d2543cbc4844ce21adf5e727e7ffd9e44"
url = "https://github.com/kyverno/chainsaw/releases/download/v0.2.15/chainsaw_linux_arm64.tar.gz"
url_api = "https://api.github.com/repos/kyverno/chainsaw/releases/assets/413798806"

[tools."aqua:kyverno/chainsaw"."platforms.linux-arm64-musl".provenance.slsa]
url = "https://github.com/kyverno/chainsaw/releases/download/v0.2.15/multiple.intoto.jsonl"

[tools."aqua:kyverno/chainsaw"."platforms.linux-x64"]
checksum = "sha256:295d226c89f126c0a97775d364be149f47a810c8a3f9829ee410583d0c1abe3c"
url = "https://github.com/kyverno/chainsaw/releases/download/v0.2.15/chainsaw_linux_amd64.tar.gz"
url_api = "https://api.github.com/repos/kyverno/chainsaw/releases/assets/413798796"

[tools."aqua:kyverno/chainsaw"."platforms.linux-x64".provenance.slsa]
url = "https://github.com/kyverno/chainsaw/releases/download/v0.2.15/multiple.intoto.jsonl"

[tools."aqua:kyverno/chainsaw"."platforms.linux-x64-musl"]
checksum = "sha256:295d226c89f126c0a97775d364be149f47a810c8a3f9829ee410583d0c1abe3c"
url = "https://github.com/kyverno/chainsaw/releases/download/v0.2.15/chainsaw_linux_amd64.tar.gz"
url_api = "https://api.github.com/repos/kyverno/chainsaw/releases/assets/413798796"

[tools."aqua:kyverno/chainsaw"."platforms.linux-x64-musl".provenance.slsa]
url = "https://github.com/kyverno/chainsaw/releases/download/v0.2.15/multiple.intoto.jsonl"

[tools."aqua:kyverno/chainsaw"."platforms.macos-arm64"]
checksum = "sha256:502bef17dd822217e82590e9ccf01c1e26a56b3fa34a835789b9af73e82a169a"
url = "https://github.com/kyverno/chainsaw/releases/download/v0.2.15/chainsaw_darwin_arm64.tar.gz"
url_api = "https://api.github.com/repos/kyverno/chainsaw/releases/assets/413798810"

[tools."aqua:kyverno/chainsaw"."platforms.macos-arm64".provenance.slsa]
url = "https://github.com/kyverno/chainsaw/releases/download/v0.2.15/multiple.intoto.jsonl"

[tools."aqua:kyverno/chainsaw"."platforms.macos-x64"]
checksum = "sha256:ddb56002ff8c6265f55ec40c82eb0ef0dddec5127dd12d4fc5e7953453481f4b"
url = "https://github.com/kyverno/chainsaw/releases/download/v0.2.15/chainsaw_darwin_amd64.tar.gz"
url_api = "https://api.github.com/repos/kyverno/chainsaw/releases/assets/413798790"

[tools."aqua:kyverno/chainsaw"."platforms.macos-x64".provenance.slsa]
url = "https://github.com/kyverno/chainsaw/releases/download/v0.2.15/multiple.intoto.jsonl"

[tools."aqua:kyverno/chainsaw"."platforms.windows-x64"]
checksum = "sha256:02e7d519c4e815c89dc8a4b14e2b70474d5301f514e721c0e5b3062f67294229"
url = "https://github.com/kyverno/chainsaw/releases/download/v0.2.15/chainsaw_windows_amd64.tar.gz"
url_api = "https://api.github.com/repos/kyverno/chainsaw/releases/assets/413798771"

[tools."aqua:kyverno/chainsaw"."platforms.windows-x64".provenance.slsa]
url = "https://github.com/kyverno/chainsaw/releases/download/v0.2.15/multiple.intoto.jsonl"

[[tools.bats]]
version = "1.14.0"
backend = "aqua:bats-core/bats-core"
specifiers = ["1.14.0"]

[tools.bats."platforms.linux-arm64"]
url = "https://github.com/bats-core/bats-core/archive/refs/tags/v1.14.0.tar.gz"
url_api = "https://api.github.com/repos/bats-core/bats-core/tarball/v1.14.0"

[tools.bats."platforms.linux-arm64-musl"]
url = "https://github.com/bats-core/bats-core/archive/refs/tags/v1.14.0.tar.gz"
url_api = "https://api.github.com/repos/bats-core/bats-core/tarball/v1.14.0"

[tools.bats."platforms.linux-x64"]
url = "https://github.com/bats-core/bats-core/archive/refs/tags/v1.14.0.tar.gz"
url_api = "https://api.github.com/repos/bats-core/bats-core/tarball/v1.14.0"

[tools.bats."platforms.linux-x64-musl"]
url = "https://github.com/bats-core/bats-core/archive/refs/tags/v1.14.0.tar.gz"
url_api = "https://api.github.com/repos/bats-core/bats-core/tarball/v1.14.0"

[tools.bats."platforms.macos-arm64"]
url = "https://github.com/bats-core/bats-core/archive/refs/tags/v1.14.0.tar.gz"
url_api = "https://api.github.com/repos/bats-core/bats-core/tarball/v1.14.0"

[tools.bats."platforms.macos-x64"]
url = "https://github.com/bats-core/bats-core/archive/refs/tags/v1.14.0.tar.gz"
url_api = "https://api.github.com/repos/bats-core/bats-core/tarball/v1.14.0"

[[tools.cilium-cli]]
version = "0.20.0"
backend = "aqua:cilium/cilium-cli"
specifiers = ["0.20.0"]

[tools.cilium-cli."platforms.linux-arm64"]
checksum = "sha256:9a9281dc79bd10a61fa35078b8ab63eaf491ab2f47edc6b9a3541b2fe4ede3ff"
url = "https://github.com/cilium/cilium-cli/releases/download/v0.20.0/cilium-linux-arm64.tar.gz"
url_api = "https://api.github.com/repos/cilium/cilium-cli/releases/assets/530475789"

[tools.cilium-cli."platforms.linux-arm64-musl"]
checksum = "sha256:9a9281dc79bd10a61fa35078b8ab63eaf491ab2f47edc6b9a3541b2fe4ede3ff"
url = "https://github.com/cilium/cilium-cli/releases/download/v0.20.0/cilium-linux-arm64.tar.gz"
url_api = "https://api.github.com/repos/cilium/cilium-cli/releases/assets/530475789"

[tools.cilium-cli."platforms.linux-x64"]
checksum = "sha256:94adc5c3be44d8240df91cec520536686f8a1eb29e5bc70c4c1c80137f00d764"
url = "https://github.com/cilium/cilium-cli/releases/download/v0.20.0/cilium-linux-amd64.tar.gz"
url_api = "https://api.github.com/repos/cilium/cilium-cli/releases/assets/530475792"

[tools.cilium-cli."platforms.linux-x64-musl"]
checksum = "sha256:94adc5c3be44d8240df91cec520536686f8a1eb29e5bc70c4c1c80137f00d764"
url = "https://github.com/cilium/cilium-cli/releases/download/v0.20.0/cilium-linux-amd64.tar.gz"
url_api = "https://api.github.com/repos/cilium/cilium-cli/releases/assets/530475792"

[tools.cilium-cli."platforms.macos-arm64"]
checksum = "sha256:2850449e321c21e9556c312d0b6885838523d294b7e0b58955697507463a57cc"
url = "https://github.com/cilium/cilium-cli/releases/download/v0.20.0/cilium-darwin-arm64.tar.gz"
url_api = "https://api.github.com/repos/cilium/cilium-cli/releases/assets/530475790"

[tools.cilium-cli."platforms.macos-x64"]
checksum = "sha256:cc338e326235e76e3924f032d8a6eb41bf751d94bb04fce70d5f80014fc179d9"
url = "https://github.com/cilium/cilium-cli/releases/download/v0.20.0/cilium-darwin-amd64.tar.gz"
url_api = "https://api.github.com/repos/cilium/cilium-cli/releases/assets/530475794"

[tools.cilium-cli."platforms.windows-x64"]
checksum = "sha256:d96cf9811608cf945326196ccf4dd251ba91358ead3587f52023680e4460ba19"
url = "https://github.com/cilium/cilium-cli/releases/download/v0.20.0/cilium-windows-amd64.zip"
url_api = "https://api.github.com/repos/cilium/cilium-cli/releases/assets/530475785"

[[tools.cilium-hubble]]
version = "1.19.4"
backend = "aqua:cilium/hubble"
specifiers = ["1.19.4"]

[tools.cilium-hubble."platforms.linux-arm64"]
checksum = "sha256:ba7f521458147de327cdb0f4bf73abea5bb6c29c1fb8a1e0e16d9bfb50951b31"
url = "https://github.com/cilium/hubble/releases/download/v1.19.4/hubble-linux-arm64.tar.gz"
url_api = "https://api.github.com/repos/cilium/hubble/releases/assets/439544287"

[tools.cilium-hubble."platforms.linux-arm64-musl"]
checksum = "sha256:ba7f521458147de327cdb0f4bf73abea5bb6c29c1fb8a1e0e16d9bfb50951b31"
url = "https://github.com/cilium/hubble/releases/download/v1.19.4/hubble-linux-arm64.tar.gz"
url_api = "https://api.github.com/repos/cilium/hubble/releases/assets/439544287"

[tools.cilium-hubble."platforms.linux-x64"]
checksum = "sha256:c7c37a5f27ed2ae2d5495c6ddbecc61cebbb841508e77af3c131e96f005ed247"
url = "https://github.com/cilium/hubble/releases/download/v1.19.4/hubble-linux-amd64.tar.gz"
url_api = "https://api.github.com/repos/cilium/hubble/releases/assets/439544269"

[tools.cilium-hubble."platforms.linux-x64-musl"]
checksum = "sha256:c7c37a5f27ed2ae2d5495c6ddbecc61cebbb841508e77af3c131e96f005ed247"
url = "https://github.com/cilium/hubble/releases/download/v1.19.4/hubble-linux-amd64.tar.gz"
url_api = "https://api.github.com/repos/cilium/hubble/releases/assets/439544269"

[tools.cilium-hubble."platforms.macos-arm64"]
checksum = "sha256:7634532a50bae27e83dfaa8a2a8b1971024cd1e778aa15dc59e288daa3af4978"
url = "https://github.com/cilium/hubble/releases/download/v1.19.4/hubble-darwin-arm64.tar.gz"
url_api = "https://api.github.com/repos/cilium/hubble/releases/assets/439544254"

[tools.cilium-hubble."platforms.macos-x64"]
checksum = "sha256:a7da3a17132b3ae97b59e6f8a58d2751a414779421de8c0596bc0f1e464166a4"
url = "https://github.com/cilium/hubble/releases/download/v1.19.4/hubble-darwin-amd64.tar.gz"
url_api = "https://api.github.com/repos/cilium/hubble/releases/assets/439544237"

[tools.cilium-hubble."platforms.windows-x64"]
checksum = "sha256:860f976bd11e93272d8305876b9a41eda9839f35d3dbd07452e7ae07d05e529e"
url = "https://github.com/cilium/hubble/releases/download/v1.19.4/hubble-windows-amd64.tar.gz"
url_api = "https://api.github.com/repos/cilium/hubble/releases/assets/439544308"

[[tools.flux2]]
version = "2.9.5"
backend = "aqua:fluxcd/flux2"
specifiers = ["2.9.5"]

[tools.flux2."platforms.linux-arm64"]
checksum = "sha256:f3e159af616ec0b9bd0a405c2185cf09d06b74652c1de3c7f377e8166826651a"
url = "https://github.com/fluxcd/flux2/releases/download/v2.9.5/flux_2.9.5_linux_arm64.tar.gz"
url_api = "https://api.github.com/repos/fluxcd/flux2/releases/assets/538282890"

[tools.flux2."platforms.linux-arm64".provenance.slsa]
url = "https://github.com/fluxcd/flux2/releases/download/v2.9.5/provenance.intoto.jsonl"

[tools.flux2."platforms.linux-arm64-musl"]
checksum = "sha256:f3e159af616ec0b9bd0a405c2185cf09d06b74652c1de3c7f377e8166826651a"
url = "https://github.com/fluxcd/flux2/releases/download/v2.9.5/flux_2.9.5_linux_arm64.tar.gz"
url_api = "https://api.github.com/repos/fluxcd/flux2/releases/assets/538282890"

[tools.flux2."platforms.linux-arm64-musl".provenance.slsa]
url = "https://github.com/fluxcd/flux2/releases/download/v2.9.5/provenance.intoto.jsonl"

[tools.flux2."platforms.linux-x64"]
checksum = "sha256:b853df82adfd7736f580692f9f734473d571606307139f8fd20c2a80dd1ff473"
url = "https://github.com/fluxcd/flux2/releases/download/v2.9.5/flux_2.9.5_linux_amd64.tar.gz"
url_api = "https://api.github.com/repos/fluxcd/flux2/releases/assets/538282891"

[tools.flux2."platforms.linux-x64".provenance.slsa]
url = "https://github.com/fluxcd/flux2/releases/download/v2.9.5/provenance.intoto.jsonl"

[tools.flux2."platforms.linux-x64-musl"]
checksum = "sha256:b853df82adfd7736f580692f9f734473d571606307139f8fd20c2a80dd1ff473"
url = "https://github.com/fluxcd/flux2/releases/download/v2.9.5/flux_2.9.5_linux_amd64.tar.gz"
url_api = "https://api.github.com/repos/fluxcd/flux2/releases/assets/538282891"

[tools.flux2."platforms.linux-x64-musl".provenance.slsa]
url = "https://github.com/fluxcd/flux2/releases/download/v2.9.5/provenance.intoto.jsonl"

[tools.flux2."platforms.macos-arm64"]
checksum = "sha256:2869ef7151a6f1b27e6b5d2a6804f3ef23c7bdaa06a74e00d3fe5bfc646547fd"
url = "https://github.com/fluxcd/flux2/releases/download/v2.9.5/flux_2.9.5_darwin_arm64.tar.gz"
url_api = "https://api.github.com/repos/fluxcd/flux2/releases/assets/538282876"

[tools.flux2."platforms.macos-arm64".provenance.slsa]
url = "https://github.com/fluxcd/flux2/releases/download/v2.9.5/provenance.intoto.jsonl"

[tools.flux2."platforms.macos-x64"]
checksum = "sha256:5748583cf5da035ca2d751190d2c15f5f656d305c166ec28a312a2f3b6799e31"
url = "https://github.com/fluxcd/flux2/releases/download/v2.9.5/flux_2.9.5_darwin_amd64.tar.gz"
url_api = "https://api.github.com/repos/fluxcd/flux2/releases/assets/538282892"

[tools.flux2."platforms.macos-x64".provenance.slsa]
url = "https://github.com/fluxcd/flux2/releases/download/v2.9.5/provenance.intoto.jsonl"

[tools.flux2."platforms.windows-x64"]
checksum = "sha256:1a23053bf9abbedbdac07237f5c6ae9b0da0bcb77ddbd103faa99839c6a7f562"
url = "https://github.com/fluxcd/flux2/releases/download/v2.9.5/flux_2.9.5_windows_amd64.zip"
url_api = "https://api.github.com/repos/fluxcd/flux2/releases/assets/538282898"

[tools.flux2."platforms.windows-x64".provenance.slsa]
url = "https://github.com/fluxcd/flux2/releases/download/v2.9.5/provenance.intoto.jsonl"

[[tools."github:fluxcd/flux-schema"]]
version = "0.13.0"
backend = "github:fluxcd/flux-schema"
specifiers = ["0.13.0"]

[tools."github:fluxcd/flux-schema"."platforms.linux-arm64"]
checksum = "sha256:f0a621dd897c39f0759edc635e5be143374feedcc045301f419b27a157cf0c83"
url = "https://github.com/fluxcd/flux-schema/releases/download/v0.13.0/flux-schema_0.13.0_linux_arm64.tar.gz"
url_api = "https://api.github.com/repos/fluxcd/flux-schema/releases/assets/553169052"
provenance = "github-attestations"

[tools."github:fluxcd/flux-schema"."platforms.linux-arm64-musl"]
checksum = "sha256:f0a621dd897c39f0759edc635e5be143374feedcc045301f419b27a157cf0c83"
url = "https://github.com/fluxcd/flux-schema/releases/download/v0.13.0/flux-schema_0.13.0_linux_arm64.tar.gz"
url_api = "https://api.github.com/repos/fluxcd/flux-schema/releases/assets/553169052"
provenance = "github-attestations"

[tools."github:fluxcd/flux-schema"."platforms.linux-x64"]
checksum = "sha256:809dea3dc3e5236b4750ca8058a36603ad220095c6b50b702fff47d0aaa47ba6"
url = "https://github.com/fluxcd/flux-schema/releases/download/v0.13.0/flux-schema_0.13.0_linux_amd64.tar.gz"
url_api = "https://api.github.com/repos/fluxcd/flux-schema/releases/assets/553169054"
provenance = "github-attestations"

[tools."github:fluxcd/flux-schema"."platforms.linux-x64-musl"]
checksum = "sha256:809dea3dc3e5236b4750ca8058a36603ad220095c6b50b702fff47d0aaa47ba6"
url = "https://github.com/fluxcd/flux-schema/releases/download/v0.13.0/flux-schema_0.13.0_linux_amd64.tar.gz"
url_api = "https://api.github.com/repos/fluxcd/flux-schema/releases/assets/553169054"
provenance = "github-attestations"

[tools."github:fluxcd/flux-schema"."platforms.macos-arm64"]
checksum = "sha256:6f226ed964cdb9a8ed949e45329f029a68c9cf1711b19ed70b3d57da4e33d5d9"
url = "https://github.com/fluxcd/flux-schema/releases/download/v0.13.0/flux-schema_0.13.0_darwin_arm64.tar.gz"
url_api = "https://api.github.com/repos/fluxcd/flux-schema/releases/assets/553169051"
provenance = "github-attestations"

[tools."github:fluxcd/flux-schema"."platforms.macos-x64"]
checksum = "sha256:93a43b0a9404f3cf9519dc32128d404daba30ba8e06073349f67e0246ea05e5e"
url = "https://github.com/fluxcd/flux-schema/releases/download/v0.13.0/flux-schema_0.13.0_darwin_amd64.tar.gz"
url_api = "https://api.github.com/repos/fluxcd/flux-schema/releases/assets/553169056"
provenance = "github-attestations"

[tools."github:fluxcd/flux-schema"."platforms.windows-x64"]
checksum = "sha256:ba550030e629fd0879a727cc701e419aadebf30db138b016bbd97838fc29295d"
url = "https://github.com/fluxcd/flux-schema/releases/download/v0.13.0/flux-schema_0.13.0_windows_amd64.zip"
url_api = "https://api.github.com/repos/fluxcd/flux-schema/releases/assets/553169092"
provenance = "github-attestations"

[[tools.hk]]
version = "2.0.1"
backend = "packslip:github.com/jdx/hk"
specifiers = [
    "2.0.1",
    "latest",
]

[tools.hk."platforms.linux-arm64"]
checksum = "sha256:8a28f2737914bbffa8dd16f39a2fc65d85e9a52261789cf6a1affd6c6762fbc1"
url = "https://github.com/jdx/hk/releases/download/v2.0.1/hk-aarch64-unknown-linux-gnu.tar.gz"
signer = "sigstore-oidc:https://github.com/jdx/hk/.github/workflows/release.yml"

[tools.hk."platforms.linux-arm64-musl"]
checksum = "sha256:b75f54bf8a3679a13a01d250959ae77fab033ca5025eb557b76442c59efa8eb8"
url = "https://github.com/jdx/hk/releases/download/v2.0.1/hk-aarch64-unknown-linux-musl.tar.gz"
signer = "sigstore-oidc:https://github.com/jdx/hk/.github/workflows/release.yml"

[tools.hk."platforms.linux-x64"]
checksum = "sha256:f14d0290a07f82911f32ea5e4a91dd80d90abb852488912b1ade9b240f70d615"
url = "https://github.com/jdx/hk/releases/download/v2.0.1/hk-x86_64-unknown-linux-gnu.tar.gz"
signer = "sigstore-oidc:https://github.com/jdx/hk/.github/workflows/release.yml"

[tools.hk."platforms.linux-x64-musl"]
checksum = "sha256:76269248e27114f361d533551ffca757e58a1d4abe880fd008df16d19128ea97"
url = "https://github.com/jdx/hk/releases/download/v2.0.1/hk-x86_64-unknown-linux-musl.tar.gz"
signer = "sigstore-oidc:https://github.com/jdx/hk/.github/workflows/release.yml"

[tools.hk."platforms.macos-arm64"]
checksum = "sha256:6ec393f898f562f76c4839a910356b4afec6740eff23f18ebdf8cf41c793a461"
url = "https://github.com/jdx/hk/releases/download/v2.0.1/hk-aarch64-apple-darwin.tar.gz"
signer = "sigstore-oidc:https://github.com/jdx/hk/.github/workflows/release.yml"

[tools.hk."platforms.windows-x64"]
checksum = "sha256:b3cb8ab5958393faacefabfb3a402060eb256b1fda8e1f83c74c3fc877ebff8f"
url = "https://github.com/jdx/hk/releases/download/v2.0.1/hk-x86_64-pc-windows-msvc.zip"
signer = "sigstore-oidc:https://github.com/jdx/hk/.github/workflows/release.yml"

[[tools.jq]]
version = "1.8.2"
backend = "aqua:jqlang/jq"
specifiers = ["1.8.2"]

[tools.jq."platforms.linux-arm64"]
checksum = "sha256:8b85c817833814ddca00a144c33705546355afccf0cf39b188f3cdb48b852309"
url = "https://github.com/jqlang/jq/releases/download/jq-1.8.2/jq-linux-arm64"
url_api = "https://api.github.com/repos/jqlang/jq/releases/assets/453012756"
provenance = "github-attestations"

[tools.jq."platforms.linux-arm64-musl"]
checksum = "sha256:8b85c817833814ddca00a144c33705546355afccf0cf39b188f3cdb48b852309"
url = "https://github.com/jqlang/jq/releases/download/jq-1.8.2/jq-linux-arm64"
url_api = "https://api.github.com/repos/jqlang/jq/releases/assets/453012756"
provenance = "github-attestations"

[tools.jq."platforms.linux-x64"]
checksum = "sha256:b1c22172dd303f3be49e935aa56aa48a8b7a46e0bc838b4997d3bb451495870f"
url = "https://github.com/jqlang/jq/releases/download/jq-1.8.2/jq-linux-amd64"
url_api = "https://api.github.com/repos/jqlang/jq/releases/assets/453012752"
provenance = "github-attestations"

[tools.jq."platforms.linux-x64-musl"]
checksum = "sha256:b1c22172dd303f3be49e935aa56aa48a8b7a46e0bc838b4997d3bb451495870f"
url = "https://github.com/jqlang/jq/releases/download/jq-1.8.2/jq-linux-amd64"
url_api = "https://api.github.com/repos/jqlang/jq/releases/assets/453012752"
provenance = "github-attestations"

[tools.jq."platforms.macos-arm64"]
checksum = "sha256:2d75340ba57a4b4b4c8708a21c2dc8e958a48aaa8bba13b27f77f6e4c0eca07e"
url = "https://github.com/jqlang/jq/releases/download/jq-1.8.2/jq-macos-arm64"
url_api = "https://api.github.com/repos/jqlang/jq/releases/assets/453012783"
provenance = "github-attestations"

[tools.jq."platforms.macos-x64"]
checksum = "sha256:e94b266e3c26690550006abe63152b782280f4e14374accdf04cbde844f00bc0"
url = "https://github.com/jqlang/jq/releases/download/jq-1.8.2/jq-macos-amd64"
url_api = "https://api.github.com/repos/jqlang/jq/releases/assets/453012782"
provenance = "github-attestations"

[tools.jq."platforms.windows-x64"]
checksum = "sha256:a6fc67fedaf9128a3309a1e2ebb8b986aeccf70122ee46d2cb4849e423f0c627"
url = "https://github.com/jqlang/jq/releases/download/jq-1.8.2/jq-windows-amd64.exe"
url_api = "https://api.github.com/repos/jqlang/jq/releases/assets/453012788"
provenance = "github-attestations"

[[tools.kubectl]]
version = "1.36.4"
backend = "aqua:kubernetes/kubernetes/kubectl"
specifiers = ["1.36.4"]

[tools.kubectl."platforms.linux-arm64"]
checksum = "sha256:0ecf44450ee6063bf19dd166a103ee6df4a9034455c2abce626e6eea657d73fb"
url = "https://dl.k8s.io/v1.36.4/bin/linux/arm64/kubectl"

[tools.kubectl."platforms.linux-arm64-musl"]
checksum = "sha256:0ecf44450ee6063bf19dd166a103ee6df4a9034455c2abce626e6eea657d73fb"
url = "https://dl.k8s.io/v1.36.4/bin/linux/arm64/kubectl"

[tools.kubectl."platforms.linux-x64"]
checksum = "sha256:8b8f088da2dab964f853b38464033b1be15ede2839eca751482357c45abdd05a"
url = "https://dl.k8s.io/v1.36.4/bin/linux/amd64/kubectl"

[tools.kubectl."platforms.linux-x64-musl"]
checksum = "sha256:8b8f088da2dab964f853b38464033b1be15ede2839eca751482357c45abdd05a"
url = "https://dl.k8s.io/v1.36.4/bin/linux/amd64/kubectl"

[tools.kubectl."platforms.macos-arm64"]
checksum = "sha256:c9e4f713d6fee0043a3d835cca13077cda2bc0973840eb9779360df0b5bdfc69"
url = "https://dl.k8s.io/v1.36.4/bin/darwin/arm64/kubectl"

[tools.kubectl."platforms.macos-x64"]
checksum = "sha256:71a3aa7c2ee2c974d9fbb462cba0c5c04a4df2e8d85eee94714fd819ea3c4e63"
url = "https://dl.k8s.io/v1.36.4/bin/darwin/amd64/kubectl"

[tools.kubectl."platforms.windows-x64"]
checksum = "sha256:31947857be7583f3e4e6d889a3fb781ca813a45c20f11ccb3ef309714d01a9f3"
url = "https://dl.k8s.io/v1.36.4/bin/windows/amd64/kubectl.exe"

[[tools.opentofu]]
version = "1.12.6"
backend = "aqua:opentofu/opentofu"
specifiers = ["1.12.6"]

[tools.opentofu."platforms.linux-arm64"]
checksum = "sha256:9bd0228a81bcd0c88f7045c74378f45a815779f19897191dff7d9efba9976b9e"
url = "https://github.com/opentofu/opentofu/releases/download/v1.12.6/tofu_1.12.6_linux_arm64.tar.gz"
url_api = "https://api.github.com/repos/opentofu/opentofu/releases/assets/520762688"

[tools.opentofu."platforms.linux-arm64-musl"]
checksum = "sha256:9bd0228a81bcd0c88f7045c74378f45a815779f19897191dff7d9efba9976b9e"
url = "https://github.com/opentofu/opentofu/releases/download/v1.12.6/tofu_1.12.6_linux_arm64.tar.gz"
url_api = "https://api.github.com/repos/opentofu/opentofu/releases/assets/520762688"

[tools.opentofu."platforms.linux-x64"]
checksum = "sha256:50a6106fa4de523d09c87af85f3db1dd47535fc005727fdca6852146476b88ec"
url = "https://github.com/opentofu/opentofu/releases/download/v1.12.6/tofu_1.12.6_linux_amd64.tar.gz"
url_api = "https://api.github.com/repos/opentofu/opentofu/releases/assets/520762723"

[tools.opentofu."platforms.linux-x64-musl"]
checksum = "sha256:50a6106fa4de523d09c87af85f3db1dd47535fc005727fdca6852146476b88ec"
url = "https://github.com/opentofu/opentofu/releases/download/v1.12.6/tofu_1.12.6_linux_amd64.tar.gz"
url_api = "https://api.github.com/repos/opentofu/opentofu/releases/assets/520762723"

[tools.opentofu."platforms.macos-arm64"]
checksum = "sha256:f958ec5e511063be9feb180ca015a4cb7977566a9cf6a8550bba8c2a9b5aba74"
url = "https://github.com/opentofu/opentofu/releases/download/v1.12.6/tofu_1.12.6_darwin_arm64.tar.gz"
url_api = "https://api.github.com/repos/opentofu/opentofu/releases/assets/520762710"

[tools.opentofu."platforms.macos-x64"]
checksum = "sha256:44bb1855f372f17f365fb94517906e78da5001da10f4c98de57a39bf982f3a92"
url = "https://github.com/opentofu/opentofu/releases/download/v1.12.6/tofu_1.12.6_darwin_amd64.tar.gz"
url_api = "https://api.github.com/repos/opentofu/opentofu/releases/assets/520762655"

[tools.opentofu."platforms.windows-x64"]
checksum = "sha256:bcbcd9ca744af6c4053e2d5e75dae79ff33ad7dc38d45e1233e693d096284538"
url = "https://github.com/opentofu/opentofu/releases/download/v1.12.6/tofu_1.12.6_windows_amd64.tar.gz"
url_api = "https://api.github.com/repos/opentofu/opentofu/releases/assets/520762708"

[[tools.shellcheck]]
version = "0.11.0"
backend = "aqua:koalaman/shellcheck"
specifiers = ["0.11.0"]

[tools.shellcheck."platforms.linux-arm64"]
checksum = "sha256:12b331c1d2db6b9eb13cfca64306b1b157a86eb69db83023e261eaa7e7c14588"
url = "https://github.com/koalaman/shellcheck/releases/download/v0.11.0/shellcheck-v0.11.0.linux.aarch64.tar.xz"
url_api = "https://api.github.com/repos/koalaman/shellcheck/releases/assets/279056934"

[tools.shellcheck."platforms.linux-arm64-musl"]
checksum = "sha256:12b331c1d2db6b9eb13cfca64306b1b157a86eb69db83023e261eaa7e7c14588"
url = "https://github.com/koalaman/shellcheck/releases/download/v0.11.0/shellcheck-v0.11.0.linux.aarch64.tar.xz"
url_api = "https://api.github.com/repos/koalaman/shellcheck/releases/assets/279056934"

[tools.shellcheck."platforms.linux-x64"]
checksum = "sha256:8c3be12b05d5c177a04c29e3c78ce89ac86f1595681cab149b65b97c4e227198"
url = "https://github.com/koalaman/shellcheck/releases/download/v0.11.0/shellcheck-v0.11.0.linux.x86_64.tar.xz"
url_api = "https://api.github.com/repos/koalaman/shellcheck/releases/assets/279056942"

[tools.shellcheck."platforms.linux-x64-musl"]
checksum = "sha256:8c3be12b05d5c177a04c29e3c78ce89ac86f1595681cab149b65b97c4e227198"
url = "https://github.com/koalaman/shellcheck/releases/download/v0.11.0/shellcheck-v0.11.0.linux.x86_64.tar.xz"
url_api = "https://api.github.com/repos/koalaman/shellcheck/releases/assets/279056942"

[tools.shellcheck."platforms.macos-arm64"]
checksum = "sha256:56affdd8de5527894dca6dc3d7e0a99a873b0f004d7aabc30ae407d3f48b0a79"
url = "https://github.com/koalaman/shellcheck/releases/download/v0.11.0/shellcheck-v0.11.0.darwin.aarch64.tar.xz"
url_api = "https://api.github.com/repos/koalaman/shellcheck/releases/assets/279056932"

[tools.shellcheck."platforms.macos-x64"]
checksum = "sha256:3c89db4edcab7cf1c27bff178882e0f6f27f7afdf54e859fa041fca10febe4c6"
url = "https://github.com/koalaman/shellcheck/releases/download/v0.11.0/shellcheck-v0.11.0.darwin.x86_64.tar.xz"
url_api = "https://api.github.com/repos/koalaman/shellcheck/releases/assets/279056930"

[tools.shellcheck."platforms.windows-x64"]
checksum = "sha256:8a4e35ab0b331c85d73567b12f2a444df187f483e5079ceffa6bda1faa2e740e"
url = "https://github.com/koalaman/shellcheck/releases/download/v0.11.0/shellcheck-v0.11.0.zip"
url_api = "https://api.github.com/repos/koalaman/shellcheck/releases/assets/279056944"

[[tools.shfmt]]
version = "3.14.1"
backend = "aqua:mvdan/sh"
specifiers = ["3.14.1"]

[tools.shfmt."platforms.linux-arm64"]
checksum = "sha256:5f2db09dae91fca848f7adbdd014632e921a383863a2ad7e0450ad3aba0c6489"
url = "https://github.com/mvdan/sh/releases/download/v3.14.1/shfmt_v3.14.1_linux_arm64"
url_api = "https://api.github.com/repos/mvdan/sh/releases/assets/547320869"

[tools.shfmt."platforms.linux-arm64-musl"]
checksum = "sha256:5f2db09dae91fca848f7adbdd014632e921a383863a2ad7e0450ad3aba0c6489"
url = "https://github.com/mvdan/sh/releases/download/v3.14.1/shfmt_v3.14.1_linux_arm64"
url_api = "https://api.github.com/repos/mvdan/sh/releases/assets/547320869"

[tools.shfmt."platforms.linux-x64"]
checksum = "sha256:76e77641faa025814b77f153b29796b8e6fa2fca03e0c76a691608b86c7ea7bf"
url = "https://github.com/mvdan/sh/releases/download/v3.14.1/shfmt_v3.14.1_linux_amd64"
url_api = "https://api.github.com/repos/mvdan/sh/releases/assets/547320883"

[tools.shfmt."platforms.linux-x64-musl"]
checksum = "sha256:76e77641faa025814b77f153b29796b8e6fa2fca03e0c76a691608b86c7ea7bf"
url = "https://github.com/mvdan/sh/releases/download/v3.14.1/shfmt_v3.14.1_linux_amd64"
url_api = "https://api.github.com/repos/mvdan/sh/releases/assets/547320883"

[tools.shfmt."platforms.macos-arm64"]
checksum = "sha256:b7c872db63553ccffc7253aba3ed7d4885a27d83f1ba567b1138c6315a5847e5"
url = "https://github.com/mvdan/sh/releases/download/v3.14.1/shfmt_v3.14.1_darwin_arm64"
url_api = "https://api.github.com/repos/mvdan/sh/releases/assets/547320930"

[tools.shfmt."platforms.macos-x64"]
checksum = "sha256:d33eee0da0f92835b3562e9767a05cee7e4eaeef47daa03bfd09da17b4b590a6"
url = "https://github.com/mvdan/sh/releases/download/v3.14.1/shfmt_v3.14.1_darwin_amd64"
url_api = "https://api.github.com/repos/mvdan/sh/releases/assets/547320946"

[tools.shfmt."platforms.windows-x64"]
checksum = "sha256:13629ce28442ca80b6b5a819f7574ab39e1c28c6e26734ca816c9714e04851df"
url = "https://github.com/mvdan/sh/releases/download/v3.14.1/shfmt_v3.14.1_windows_amd64.exe"
url_api = "https://api.github.com/repos/mvdan/sh/releases/assets/547320827"

[[tools.yq]]
version = "4.53.6"
backend = "aqua:mikefarah/yq"
specifiers = ["4.53.6"]

[tools.yq."platforms.linux-arm64"]
checksum = "sha256:88a1016bc1d657375a35864e4f44b6f333df8ff97b559f51bba0adcb2169df09"
url = "https://github.com/mikefarah/yq/releases/download/v4.53.6/yq_linux_arm64"
url_api = "https://api.github.com/repos/mikefarah/yq/releases/assets/522028007"
provenance = "cosign"

[tools.yq."platforms.linux-arm64-musl"]
checksum = "sha256:88a1016bc1d657375a35864e4f44b6f333df8ff97b559f51bba0adcb2169df09"
url = "https://github.com/mikefarah/yq/releases/download/v4.53.6/yq_linux_arm64"
url_api = "https://api.github.com/repos/mikefarah/yq/releases/assets/522028007"
provenance = "cosign"

[tools.yq."platforms.linux-x64"]
checksum = "sha256:c5f056448f973ae7d39b5401949648a78f2dc1947d6a8eb65be60d5c504b9385"
url = "https://github.com/mikefarah/yq/releases/download/v4.53.6/yq_linux_amd64"
url_api = "https://api.github.com/repos/mikefarah/yq/releases/assets/522028022"
provenance = "cosign"

[tools.yq."platforms.linux-x64-musl"]
checksum = "sha256:c5f056448f973ae7d39b5401949648a78f2dc1947d6a8eb65be60d5c504b9385"
url = "https://github.com/mikefarah/yq/releases/download/v4.53.6/yq_linux_amd64"
url_api = "https://api.github.com/repos/mikefarah/yq/releases/assets/522028022"
provenance = "cosign"

[tools.yq."platforms.macos-arm64"]
checksum = "sha256:cceb0b8d71ea5294334121f8429f33f92b920e7217d904a2f9f35443968ac424"
url = "https://github.com/mikefarah/yq/releases/download/v4.53.6/yq_darwin_arm64"
url_api = "https://api.github.com/repos/mikefarah/yq/releases/assets/522028033"
provenance = "cosign"

[tools.yq."platforms.macos-x64"]
checksum = "sha256:caa513cb04f3804b34d4752f0e0d7904fecb9e7cf1d34081289f83259319a7f6"
url = "https://github.com/mikefarah/yq/releases/download/v4.53.6/yq_darwin_amd64"
url_api = "https://api.github.com/repos/mikefarah/yq/releases/assets/522028031"
provenance = "cosign"

[tools.yq."platforms.windows-x64"]
checksum = "sha256:ece3dd8bb50d39f93610506273ea262feb91e5c486bbddbb10abf91b2a6c0f14"
url = "https://github.com/mikefarah/yq/releases/download/v4.53.6/yq_windows_amd64.exe"
url_api = "https://api.github.com/repos/mikefarah/yq/releases/assets/522027974"
provenance = "cosign"
